// !$*UTF8*$!
{
	archiveVersion = 1;
	classes = {
	};
	objectVersion = 56;
	objects = {

/* Begin PBXBuildFile section */
		0B43679C2C7F2E1E00C5CED5 /* StockMarketApp.swift in Sources */ = {isa = PBXBuildFile; fileRef = 0B43679B2C7F2E1E00C5CED5 /* StockMarketApp.swift */; };
		0B43679E2C7F2E1E00C5CED5 /* ContentView.swift in Sources */ = {isa = PBXBuildFile; fileRef = 0B43679D2C7F2E1E00C5CED5 /* ContentView.swift */; };
		0B4367A02C7F2E1F00C5CED5 /* Assets.xcassets in Resources */ = {isa = PBXBuildFile; fileRef = 0B43679F2C7F2E1F00C5CED5 /* Assets.xcassets */; };
		0B4367A32C7F2E1F00C5CED5 /* Preview Assets.xcassets in Resources */ = {isa = PBXBuildFile; fileRef = 0B4367A22C7F2E1F00C5CED5 /* Preview Assets.xcassets */; };
		0B4367AD2C7F2E1F00C5CED5 /* StockMarketTests.swift in Sources */ = {isa = PBXBuildFile; fileRef = 0B4367AC2C7F2E1F00C5CED5 /* StockMarketTests.swift */; };
		0B4367B72C7F2E1F00C5CED5 /* StockMarketUITests.swift in Sources */ = {isa = PBXBuildFile; fileRef = 0B4367B62C7F2E1F00C5CED5 /* StockMarketUITests.swift */; };
		0B4367B92C7F2E1F00C5CED5 /* StockMarketUITestsLaunchTests.swift in Sources */ = {isa = PBXBuildFile; fileRef = 0B4367B82C7F2E1F00C5CED5 /* StockMarketUITestsLaunchTests.swift */; };
		0B4367C62C7F46DE00C5CED5 /* Ticker.swift in Sources */ = {isa = PBXBuildFile; fileRef = 0B4367C52C7F46DE00C5CED5 /* Ticker.swift */; };
		0B4367C82C7F4B4400C5CED5 /* Eod.swift in Sources */ = {isa = PBXBuildFile; fileRef = 0B4367C72C7F4B4400C5CED5 /* Eod.swift */; };
		0B4367CD2C7F4E0300C5CED5 /* ViewModel.swift in Sources */ = {isa = PBXBuildFile; fileRef = 0B4367CC2C7F4E0300C5CED5 /* ViewModel.swift */; };
		0B4367D12C7F6B2F00C5CED5 /* TickerView.swift in Sources */ = {isa = PBXBuildFile; fileRef = 0B4367D02C7F6B2F00C5CED5 /* TickerView.swift */; };
		0B4367D32C8042E900C5CED5 /* TickerViewModel.swift in Sources */ = {isa = PBXBuildFile; fileRef = 0B4367D22C8042E900C5CED5 /* TickerViewModel.swift */; };
		0B4367D52C8043C700C5CED5 /* EodViewModel.swift in Sources */ = {isa = PBXBuildFile; fileRef = 0B4367D42C8043C700C5CED5 /* EodViewModel.swift */; };
		0B4367DA2C80450200C5CED5 /* EodView.swift in Sources */ = {isa = PBXBuildFile; fileRef = 0B4367D92C80450200C5CED5 /* EodView.swift */; };
		0B4367DC2C80485600C5CED5 /* EodListView.swift in Sources */ = {isa = PBXBuildFile; fileRef = 0B4367DB2C80485600C5CED5 /* EodListView.swift */; };
/* End PBXBuildFile section */

/* Begin PBXContainerItemProxy section */
		0B4367A92C7F2E1F00C5CED5 /* PBXContainerItemProxy */ = {
			isa = PBXContainerItemProxy;
			containerPortal = 0B4367902C7F2E1E00C5CED5 /* Project object */;
			proxyType = 1;
			remoteGlobalIDString = 0B4367972C7F2E1E00C5CED5;
			remoteInfo = StockMarket;
		};
		0B4367B32C7F2E1F00C5CED5 /* PBXContainerItemProxy */ = {
			isa = PBXContainerItemProxy;
			containerPortal = 0B4367902C7F2E1E00C5CED5 /* Project object */;
			proxyType = 1;
			remoteGlobalIDString = 0B4367972C7F2E1E00C5CED5;
			remoteInfo = StockMarket;
		};
/* End PBXContainerItemProxy section */

/* Begin PBXFileReference section */
		0B4367982C7F2E1E00C5CED5 /* StockMarket.app */ = {isa = PBXFileReference; explicitFileType = wrapper.application; includeInIndex = 0; path = StockMarket.app; sourceTree = BUILT_PRODUCTS_DIR; };
		0B43679B2C7F2E1E00C5CED5 /* StockMarketApp.swift */ = {isa = PBXFileReference; lastKnownFileType = sourcecode.swift; path = StockMarketApp.swift; sourceTree = "<group>"; };
		0B43679D2C7F2E1E00C5CED5 /* ContentView.swift */ = {isa = PBXFileReference; lastKnownFileType = sourcecode.swift; path = ContentView.swift; sourceTree = "<group>"; };
		0B43679F2C7F2E1F00C5CED5 /* Assets.xcassets */ = {isa = PBXFileReference; lastKnownFileType = folder.assetcatalog; path = Assets.xcassets; sourceTree = "<group>"; };
		0B4367A22C7F2E1F00C5CED5 /* Preview Assets.xcassets */ = {isa = PBXFileReference; lastKnownFileType = folder.assetcatalog; path = "Preview Assets.xcassets"; sourceTree = "<group>"; };
		0B4367A82C7F2E1F00C5CED5 /* StockMarketTests.xctest */ = {isa = PBXFileReference; explicitFileType = wrapper.cfbundle; includeInIndex = 0; path = StockMarketTests.xctest; sourceTree = BUILT_PRODUCTS_DIR; };
		0B4367AC2C7F2E1F00C5CED5 /* StockMarketTests.swift */ = {isa = PBXFileReference; lastKnownFileType = sourcecode.swift; path = StockMarketTests.swift; sourceTree = "<group>"; };
		0B4367B22C7F2E1F00C5CED5 /* StockMarketUITests.xctest */ = {isa = PBXFileReference; explicitFileType = wrapper.cfbundle; includeInIndex = 0; path = StockMarketUITests.xctest; sourceTree = BUILT_PRODUCTS_DIR; };
		0B4367B62C7F2E1F00C5CED5 /* StockMarketUITests.swift */ = {isa = PBXFileReference; lastKnownFileType = sourcecode.swift; path = StockMarketUITests.swift; sourceTree = "<group>"; };
		0B4367B82C7F2E1F00C5CED5 /* StockMarketUITestsLaunchTests.swift */ = {isa = PBXFileReference; lastKnownFileType = sourcecode.swift; path = StockMarketUITestsLaunchTests.swift; sourceTree = "<group>"; };
		0B4367C52C7F46DE00C5CED5 /* Ticker.swift */ = {isa = PBXFileReference; lastKnownFileType = sourcecode.swift; path = Ticker.swift; sourceTree = "<group>"; };
		0B4367C72C7F4B4400C5CED5 /* Eod.swift */ = {isa = PBXFileReference; lastKnownFileType = sourcecode.swift; path = Eod.swift; sourceTree = "<group>"; };
		0B4367CC2C7F4E0300C5CED5 /* ViewModel.swift */ = {isa = PBXFileReference; lastKnownFileType = sourcecode.swift; path = ViewModel.swift; sourceTree = "<group>"; };
		0B4367D02C7F6B2F00C5CED5 /* TickerView.swift */ = {isa = PBXFileReference; lastKnownFileType = sourcecode.swift; path = TickerView.swift; sourceTree = "<group>"; };
		0B4367D22C8042E900C5CED5 /* TickerViewModel.swift */ = {isa = PBXFileReference; lastKnownFileType = sourcecode.swift; path = TickerViewModel.swift; sourceTree = "<group>"; };
		0B4367D42C8043C700C5CED5 /* EodViewModel.swift */ = {isa = PBXFileReference; lastKnownFileType = sourcecode.swift; path = EodViewModel.swift; sourceTree = "<group>"; };
		0B4367D92C80450200C5CED5 /* EodView.swift */ = {isa = PBXFileReference; lastKnownFileType = sourcecode.swift; path = EodView.swift; sourceTree = "<group>"; };
		0B4367DB2C80485600C5CED5 /* EodListView.swift */ = {isa = PBXFileReference; lastKnownFileType = sourcecode.swift; path = EodListView.swift; sourceTree = "<group>"; };
/* End PBXFileReference section */

/* Begin PBXFrameworksBuildPhase section */
		0B4367952C7F2E1E00C5CED5 /* Frameworks */ = {
			isa = PBXFrameworksBuildPhase;
			buildActionMask = 2147483647;
			files = (
			);
			runOnlyForDeploymentPostprocessing = 0;
		};
		0B4367A52C7F2E1F00C5CED5 /* Frameworks */ = {
			isa = PBXFrameworksBuildPhase;
			buildActionMask = 2147483647;
			files = (
			);
			runOnlyForDeploymentPostprocessing = 0;
		};
		0B4367AF2C7F2E1F00C5CED5 /* Frameworks */ = {
			isa = PBXFrameworksBuildPhase;
			buildActionMask = 2147483647;
			files = (
			);
			runOnlyForDeploymentPostprocessing = 0;
		};
/* End PBXFrameworksBuildPhase section */

/* Begin PBXGroup section */
		0B43678F2C7F2E1E00C5CED5 = {
			isa = PBXGroup;
			children = (
				0B43679A2C7F2E1E00C5CED5 /* StockMarket */,
				0B4367AB2C7F2E1F00C5CED5 /* StockMarketTests */,
				0B4367B52C7F2E1F00C5CED5 /* StockMarketUITests */,
				0B4367992C7F2E1E00C5CED5 /* Products */,
			);
			sourceTree = "<group>";
		};
		0B4367992C7F2E1E00C5CED5 /* Products */ = {
			isa = PBXGroup;
			children = (
				0B4367982C7F2E1E00C5CED5 /* StockMarket.app */,
				0B4367A82C7F2E1F00C5CED5 /* StockMarketTests.xctest */,
				0B4367B22C7F2E1F00C5CED5 /* StockMarketUITests.xctest */,
			);
			name = Products;
			sourceTree = "<group>";
		};
		0B43679A2C7F2E1E00C5CED5 /* StockMarket */ = {
			isa = PBXGroup;
			children = (
				0B4367CA2C7F4D9600C5CED5 /* Views */,
				0B4367C92C7F4D7C00C5CED5 /* Model */,
				0B43679B2C7F2E1E00C5CED5 /* StockMarketApp.swift */,
				0B43679F2C7F2E1F00C5CED5 /* Assets.xcassets */,
				0B4367A12C7F2E1F00C5CED5 /* Preview Content */,
			);
			path = StockMarket;
			sourceTree = "<group>";
		};
		0B4367A12C7F2E1F00C5CED5 /* Preview Content */ = {
			isa = PBXGroup;
			children = (
				0B4367A22C7F2E1F00C5CED5 /* Preview Assets.xcassets */,
			);
			path = "Preview Content";
			sourceTree = "<group>";
		};
		0B4367AB2C7F2E1F00C5CED5 /* StockMarketTests */ = {
			isa = PBXGroup;
			children = (
				0B4367AC2C7F2E1F00C5CED5 /* StockMarketTests.swift */,
			);
			path = StockMarketTests;
			sourceTree = "<group>";
		};
		0B4367B52C7F2E1F00C5CED5 /* StockMarketUITests */ = {
			isa = PBXGroup;
			children = (
				0B4367B62C7F2E1F00C5CED5 /* StockMarketUITests.swift */,
				0B4367B82C7F2E1F00C5CED5 /* StockMarketUITestsLaunchTests.swift */,
			);
			path = StockMarketUITests;
			sourceTree = "<group>";
		};
		0B4367C92C7F4D7C00C5CED5 /* Model */ = {
			isa = PBXGroup;
			children = (
				0B4367C72C7F4B4400C5CED5 /* Eod.swift */,
				0B4367C52C7F46DE00C5CED5 /* Ticker.swift */,
				0B4367CC2C7F4E0300C5CED5 /* ViewModel.swift */,
				0B4367D22C8042E900C5CED5 /* TickerViewModel.swift */,
				0B4367D42C8043C700C5CED5 /* EodViewModel.swift */,
			);
			path = Model;
			sourceTree = "<group>";
		};
		0B4367CA2C7F4D9600C5CED5 /* Views */ = {
			isa = PBXGroup;
			children = (
				0B4367D82C8044B300C5CED5 /* EodViews */,
				0B4367D62C80448400C5CED5 /* TickerViews */,
			);
			path = Views;
			sourceTree = "<group>";
		};
		0B4367D62C80448400C5CED5 /* TickerViews */ = {
			isa = PBXGroup;
			children = (
				0B43679D2C7F2E1E00C5CED5 /* ContentView.swift */,
				0B4367D02C7F6B2F00C5CED5 /* TickerView.swift */,
			);
			path = TickerViews;
			sourceTree = "<group>";
		};
		0B4367D82C8044B300C5CED5 /* EodViews */ = {
			isa = PBXGroup;
			children = (
				0B4367D92C80450200C5CED5 /* EodView.swift */,
				0B4367DB2C80485600C5CED5 /* EodListView.swift */,
			);
			path = EodViews;
			sourceTree = "<group>";
		};
/* End PBXGroup section */

/* Begin PBXNativeTarget section */
		0B4367972C7F2E1E00C5CED5 /* StockMarket */ = {
			isa = PBXNativeTarget;
			buildConfigurationList = 0B4367BC2C7F2E1F00C5CED5 /* Build configuration list for PBXNativeTarget "StockMarket" */;
			buildPhases = (
				0B4367942C7F2E1E00C5CED5 /* Sources */,
				0B4367952C7F2E1E00C5CED5 /* Frameworks */,
				0B4367962C7F2E1E00C5CED5 /* Resources */,
			);
			buildRules = (
			);
			dependencies = (
			);
			name = StockMarket;
			productName = StockMarket;
			productReference = 0B4367982C7F2E1E00C5CED5 /* StockMarket.app */;
			productType = "com.apple.product-type.application";
		};
		0B4367A72C7F2E1F00C5CED5 /* StockMarketTests */ = {
			isa = PBXNativeTarget;
			buildConfigurationList = 0B4367BF2C7F2E1F00C5CED5 /* Build configuration list for PBXNativeTarget "StockMarketTests" */;
			buildPhases = (
				0B4367A42C7F2E1F00C5CED5 /* Sources */,
				0B4367A52C7F2E1F00C5CED5 /* Frameworks */,
				0B4367A62C7F2E1F00C5CED5 /* Resources */,
			);
			buildRules = (
			);
			dependencies = (
				0B4367AA2C7F2E1F00C5CED5 /* PBXTargetDependency */,
			);
			name = StockMarketTests;
			productName = StockMarketTests;
			productReference = 0B4367A82C7F2E1F00C5CED5 /* StockMarketTests.xctest */;
			productType = "com.apple.product-type.bundle.unit-test";
		};
		0B4367B12C7F2E1F00C5CED5 /* StockMarketUITests */ = {
			isa = PBXNativeTarget;
			buildConfigurationList = 0B4367C22C7F2E1F00C5CED5 /* Build configuration list for PBXNativeTarget "StockMarketUITests" */;
			buildPhases = (
				0B4367AE2C7F2E1F00C5CED5 /* Sources */,
				0B4367AF2C7F2E1F00C5CED5 /* Frameworks */,
				0B4367B02C7F2E1F00C5CED5 /* Resources */,
			);
			buildRules = (
			);
			dependencies = (
				0B4367B42C7F2E1F00C5CED5 /* PBXTargetDependency */,
			);
			name = StockMarketUITests;
			productName = StockMarketUITests;
			productReference = 0B4367B22C7F2E1F00C5CED5 /* StockMarketUITests.xctest */;
			productType = "com.apple.product-type.bundle.ui-testing";
		};
/* End PBXNativeTarget section */

/* Begin PBXProject section */
		0B4367902C7F2E1E00C5CED5 /* Project object */ = {
			isa = PBXProject;
			attributes = {
				BuildIndependentTargetsInParallel = 1;
				LastSwiftUpdateCheck = 1540;
				LastUpgradeCheck = 1540;
				TargetAttributes = {
					0B4367972C7F2E1E00C5CED5 = {
						CreatedOnToolsVersion = 15.4;
					};
					0B4367A72C7F2E1F00C5CED5 = {
						CreatedOnToolsVersion = 15.4;
						TestTargetID = 0B4367972C7F2E1E00C5CED5;
					};
					0B4367B12C7F2E1F00C5CED5 = {
						CreatedOnToolsVersion = 15.4;
						TestTargetID = 0B4367972C7F2E1E00C5CED5;
					};
				};
			};
			buildConfigurationList = 0B4367932C7F2E1E00C5CED5 /* Build configuration list for PBXProject "StockMarket" */;
			compatibilityVersion = "Xcode 14.0";
			developmentRegion = en;
			hasScannedForEncodings = 0;
			knownRegions = (
				en,
				Base,
			);
			mainGroup = 0B43678F2C7F2E1E00C5CED5;
			productRefGroup = 0B4367992C7F2E1E00C5CED5 /* Products */;
			projectDirPath = "";
			projectRoot = "";
			targets = (
				0B4367972C7F2E1E00C5CED5 /* StockMarket */,
				0B4367A72C7F2E1F00C5CED5 /* StockMarketTests */,
				0B4367B12C7F2E1F00C5CED5 /* StockMarketUITests */,
			);
		};
/* End PBXProject section */

/* Begin PBXResourcesBuildPhase section */
		0B4367962C7F2E1E00C5CED5 /* Resources */ = {
			isa = PBXResourcesBuildPhase;
			buildActionMask = 2147483647;
			files = (
				0B4367A32C7F2E1F00C5CED5 /* Preview Assets.xcassets in Resources */,
				0B4367A02C7F2E1F00C5CED5 /* Assets.xcassets in Resources */,
			);
			runOnlyForDeploymentPostprocessing = 0;
		};
		0B4367A62C7F2E1F00C5CED5 /* Resources */ = {
			isa = PBXResourcesBuildPhase;
			buildActionMask = 2147483647;
			files = (
			);
			runOnlyForDeploymentPostprocessing = 0;
		};
		0B4367B02C7F2E1F00C5CED5 /* Resources */ = {
			isa = PBXResourcesBuildPhase;
			buildActionMask = 2147483647;
			files = (
			);
			runOnlyForDeploymentPostprocessing = 0;
		};
/* End PBXResourcesBuildPhase section */

/* Begin PBXSourcesBuildPhase section */
		0B4367942C7F2E1E00C5CED5 /* Sources */ = {
			isa = PBXSourcesBuildPhase;
			buildActionMask = 2147483647;
			files = (
				0B4367CD2C7F4E0300C5CED5 /* ViewModel.swift in Sources */,
				0B4367D52C8043C700C5CED5 /* EodViewModel.swift in Sources */,
				0B4367C82C7F4B4400C5CED5 /* Eod.swift in Sources */,
				0B4367D32C8042E900C5CED5 /* TickerViewModel.swift in Sources */,
				0B43679E2C7F2E1E00C5CED5 /* ContentView.swift in Sources */,
				0B4367C62C7F46DE00C5CED5 /* Ticker.swift in Sources */,
				0B43679C2C7F2E1E00C5CED5 /* StockMarketApp.swift in Sources */,
				0B4367D12C7F6B2F00C5CED5 /* TickerView.swift in Sources */,
				0B4367DA2C80450200C5CED5 /* EodView.swift in Sources */,
				0B4367DC2C80485600C5CED5 /* EodListView.swift in Sources */,
			);
			runOnlyForDeploymentPostprocessing = 0;
		};
		0B4367A42C7F2E1F00C5CED5 /* Sources */ = {
			isa = PBXSourcesBuildPhase;
			buildActionMask = 2147483647;
			files = (
				0B4367AD2C7F2E1F00C5CED5 /* StockMarketTests.swift in Sources */,
			);
			runOnlyForDeploymentPostprocessing = 0;
		};
		0B4367AE2C7F2E1F00C5CED5 /* Sources */ = {
			isa = PBXSourcesBuildPhase;
			buildActionMask = 2147483647;
			files = (
				0B4367B72C7F2E1F00C5CED5 /* StockMarketUITests.swift in Sources */,
				0B4367B92C7F2E1F00C5CED5 /* StockMarketUITestsLaunchTests.swift in Sources */,
			);
			runOnlyForDeploymentPostprocessing = 0;
		};
/* End PBXSourcesBuildPhase section */

/* Begin PBXTargetDependency section */
		0B4367AA2C7F2E1F00C5CED5 /* PBXTargetDependency */ = {
			isa = PBXTargetDependency;
			target = 0B4367972C7F2E1E00C5CED5 /* StockMarket */;
			targetProxy = 0B4367A92C7F2E1F00C5CED5 /* PBXContainerItemProxy */;
		};
		0B4367B42C7F2E1F00C5CED5 /* PBXTargetDependency */ = {
			isa = PBXTargetDependency;
			target = 0B4367972C7F2E1E00C5CED5 /* StockMarket */;
			targetProxy = 0B4367B32C7F2E1F00C5CED5 /* PBXContainerItemProxy */;
		};
/* End PBXTargetDependency section */

/* Begin XCBuildConfiguration section */
		0B4367BA2C7F2E1F00C5CED5 /* Debug */ = {
			isa = XCBuildConfiguration;
			buildSettings = {
				ALWAYS_SEARCH_USER_PATHS = NO;
				ASSETCATALOG_COMPILER_GENERATE_SWIFT_ASSET_SYMBOL_EXTENSIONS = YES;
				CLANG_ANALYZER_NONNULL = YES;
				CLANG_ANALYZER_NUMBER_OBJECT_CONVERSION = YES_AGGRESSIVE;
				CLANG_CXX_LANGUAGE_STANDARD = "gnu++20";
				CLANG_ENABLE_MODULES = YES;
				CLANG_ENABLE_OBJC_ARC = YES;
				CLANG_ENABLE_OBJC_WEAK = YES;
				CLANG_WARN_BLOCK_CAPTURE_AUTORELEASING = YES;
				CLANG_WARN_BOOL_CONVERSION = YES;
				CLANG_WARN_COMMA = YES;
				CLANG_WARN_CONSTANT_CONVERSION = YES;
				CLANG_WARN_DEPRECATED_OBJC_IMPLEMENTATIONS = YES;
				CLANG_WARN_DIRECT_OBJC_ISA_USAGE = YES_ERROR;
				CLANG_WARN_DOCUMENTATION_COMMENTS = YES;
				CLANG_WARN_EMPTY_BODY = YES;
				CLANG_WARN_ENUM_CONVERSION = YES;
				CLANG_WARN_INFINITE_RECURSION = YES;
				CLANG_WARN_INT_CONVERSION = YES;
				CLANG_WARN_NON_LITERAL_NULL_CONVERSION = YES;
				CLANG_WARN_OBJC_IMPLICIT_RETAIN_SELF = YES;
				CLANG_WARN_OBJC_LITERAL_CONVERSION = YES;
				CLANG_WARN_OBJC_ROOT_CLASS = YES_ERROR;
				CLANG_WARN_QUOTED_INCLUDE_IN_FRAMEWORK_HEADER = YES;
				CLANG_WARN_RANGE_LOOP_ANALYSIS = YES;
				CLANG_WARN_STRICT_PROTOTYPES = YES;
				CLANG_WARN_SUSPICIOUS_MOVE = YES;
				CLANG_WARN_UNGUARDED_AVAILABILITY = YES_AGGRESSIVE;
				CLANG_WARN_UNREACHABLE_CODE = YES;
				CLANG_WARN__DUPLICATE_METHOD_MATCH = YES;
				COPY_PHASE_STRIP = NO;
				DEBUG_INFORMATION_FORMAT = dwarf;
				ENABLE_STRICT_OBJC_MSGSEND = YES;
				ENABLE_TESTABILITY = YES;
				ENABLE_USER_SCRIPT_SANDBOXING = YES;
				GCC_C_LANGUAGE_STANDARD = gnu17;
				GCC_DYNAMIC_NO_PIC = NO;
				GCC_NO_COMMON_BLOCKS = YES;
				GCC_OPTIMIZATION_LEVEL = 0;
				GCC_PREPROCESSOR_DEFINITIONS = (
					"DEBUG=1",
					"$(inherited)",
				);
				GCC_WARN_64_TO_32_BIT_CONVERSION = YES;
				GCC_WARN_ABOUT_RETURN_TYPE = YES_ERROR;
				GCC_WARN_UNDECLARED_SELECTOR = YES;
				GCC_WARN_UNINITIALIZED_AUTOS = YES_AGGRESSIVE;
				GCC_WARN_UNUSED_FUNCTION = YES;
				GCC_WARN_UNUSED_VARIABLE = YES;
				IPHONEOS_DEPLOYMENT_TARGET = 17.5;
				LOCALIZATION_PREFERS_STRING_CATALOGS = YES;
				MTL_ENABLE_DEBUG_INFO = INCLUDE_SOURCE;
				MTL_FAST_MATH = YES;
				ONLY_ACTIVE_ARCH = YES;
				SDKROOT = iphoneos;
				SWIFT_ACTIVE_COMPILATION_CONDITIONS = "DEBUG $(inherited)";
				SWIFT_OPTIMIZATION_LEVEL = "-Onone";
			};
			name = Debug;
		};
		0B4367BB2C7F2E1F00C5CED5 /* Release */ = {
			isa = XCBuildConfiguration;
			buildSettings = {
				ALWAYS_SEARCH_USER_PATHS = NO;
				ASSETCATALOG_COMPILER_GENERATE_SWIFT_ASSET_SYMBOL_EXTENSIONS = YES;
				CLANG_ANALYZER_NONNULL = YES;
				CLANG_ANALYZER_NUMBER_OBJECT_CONVERSION = YES_AGGRESSIVE;
				CLANG_CXX_LANGUAGE_STANDARD = "gnu++20";
				CLANG_ENABLE_MODULES = YES;
				CLANG_ENABLE_OBJC_ARC = YES;
				CLANG_ENABLE_OBJC_WEAK = YES;
				CLANG_WARN_BLOCK_CAPTURE_AUTORELEASING = YES;
				CLANG_WARN_BOOL_CONVERSION = YES;
				CLANG_WARN_COMMA = YES;
				CLANG_WARN_CONSTANT_CONVERSION = YES;
				CLANG_WARN_DEPRECATED_OBJC_IMPLEMENTATIONS = YES;
				CLANG_WARN_DIRECT_OBJC_ISA_USAGE = YES_ERROR;
				CLANG_WARN_DOCUMENTATION_COMMENTS = YES;
				CLANG_WARN_EMPTY_BODY = YES;
				CLANG_WARN_ENUM_CONVERSION = YES;
				CLANG_WARN_INFINITE_RECURSION = YES;
				CLANG_WARN_INT_CONVERSION = YES;
				CLANG_WARN_NON_LITERAL_NULL_CONVERSION = YES;
				CLANG_WARN_OBJC_IMPLICIT_RETAIN_SELF = YES;
				CLANG_WARN_OBJC_LITERAL_CONVERSION = YES;
				CLANG_WARN_OBJC_ROOT_CLASS = YES_ERROR;
				CLANG_WARN_QUOTED_INCLUDE_IN_FRAMEWORK_HEADER = YES;
				CLANG_WARN_RANGE_LOOP_ANALYSIS = YES;
				CLANG_WARN_STRICT_PROTOTYPES = YES;
				CLANG_WARN_SUSPICIOUS_MOVE = YES;
				CLANG_WARN_UNGUARDED_AVAILABILITY = YES_AGGRESSIVE;
				CLANG_WARN_UNREACHABLE_CODE = YES;
				CLANG_WARN__DUPLICATE_METHOD_MATCH = YES;
				COPY_PHASE_STRIP = NO;
				DEBUG_INFORMATION_FORMAT = "dwarf-with-dsym";
				ENABLE_NS_ASSERTIONS = NO;
				ENABLE_STRICT_OBJC_MSGSEND = YES;
				ENABLE_USER_SCRIPT_SANDBOXING = YES;
				GCC_C_LANGUAGE_STANDARD = gnu17;
				GCC_NO_COMMON_BLOCKS = YES;
				GCC_WARN_64_TO_32_BIT_CONVERSION = YES;
				GCC_WARN_ABOUT_RETURN_TYPE = YES_ERROR;
				GCC_WARN_UNDECLARED_SELECTOR = YES;
				GCC_WARN_UNINITIALIZED_AUTOS = YES_AGGRESSIVE;
				GCC_WARN_UNUSED_FUNCTION = YES;
				GCC_WARN_UNUSED_VARIABLE = YES;
				IPHONEOS_DEPLOYMENT_TARGET = 17.5;
				LOCALIZATION_PREFERS_STRING_CATALOGS = YES;
				MTL_ENABLE_DEBUG_INFO = NO;
				MTL_FAST_MATH = YES;
				SDKROOT = iphoneos;
				SWIFT_COMPILATION_MODE = wholemodule;
				VALIDATE_PRODUCT = YES;
			};
			name = Release;
		};
		0B4367BD2C7F2E1F00C5CED5 /* Debug */ = {
			isa = XCBuildConfiguration;
			buildSettings = {
				ASSETCATALOG_COMPILER_APPICON_NAME = AppIcon;
				ASSETCATALOG_COMPILER_GLOBAL_ACCENT_COLOR_NAME = AccentColor;
				CODE_SIGN_STYLE = Automatic;
				CURRENT_PROJECT_VERSION = 1;
				DEVELOPMENT_ASSET_PATHS = "\"StockMarket/Preview Content\"";
				ENABLE_PREVIEWS = YES;
				GENERATE_INFOPLIST_FILE = YES;
				INFOPLIST_KEY_UIApplicationSceneManifest_Generation = YES;
				INFOPLIST_KEY_UIApplicationSupportsIndirectInputEvents = YES;
				INFOPLIST_KEY_UILaunchScreen_Generation = YES;
				INFOPLIST_KEY_UISupportedInterfaceOrientations_iPad = "UIInterfaceOrientationPortrait UIInterfaceOrientationPortraitUpsideDown UIInterfaceOrientationLandscapeLeft UIInterfaceOrientationLandscapeRight";
				INFOPLIST_KEY_UISupportedInterfaceOrientations_iPhone = "UIInterfaceOrientationPortrait UIInterfaceOrientationLandscapeLeft UIInterfaceOrientationLandscapeRight";
				LD_RUNPATH_SEARCH_PATHS = (
					"$(inherited)",
					"@executable_path/Frameworks",
				);
				MARKETING_VERSION = 1.0;
				PRODUCT_BUNDLE_IDENTIFIER = com.stockMarket.app.StockMarket;
				PRODUCT_NAME = "$(TARGET_NAME)";
				SWIFT_EMIT_LOC_STRINGS = YES;
				SWIFT_VERSION = 5.0;
				TARGETED_DEVICE_FAMILY = "1,2";
			};
			name = Debug;
		};
		0B4367BE2C7F2E1F00C5CED5 /* Release */ = {
			isa = XCBuildConfiguration;
			buildSettings = {
				ASSETCATALOG_COMPILER_APPICON_NAME = AppIcon;
				ASSETCATALOG_COMPILER_GLOBAL_ACCENT_COLOR_NAME = AccentColor;
				CODE_SIGN_STYLE = Automatic;
				CURRENT_PROJECT_VERSION = 1;
				DEVELOPMENT_ASSET_PATHS = "\"StockMarket/Preview Content\"";
				ENABLE_PREVIEWS = YES;
				GENERATE_INFOPLIST_FILE = YES;
				INFOPLIST_KEY_UIApplicationSceneManifest_Generation = YES;
				INFOPLIST_KEY_UIApplicationSupportsIndirectInputEvents = YES;
				INFOPLIST_KEY_UILaunchScreen_Generation = YES;
				INFOPLIST_KEY_UISupportedInterfaceOrientations_iPad = "UIInterfaceOrientationPortrait UIInterfaceOrientationPortraitUpsideDown UIInterfaceOrientationLandscapeLeft UIInterfaceOrientationLandscapeRight";
				INFOPLIST_KEY_UISupportedInterfaceOrientations_iPhone = "UIInterfaceOrientationPortrait UIInterfaceOrientationLandscapeLeft UIInterfaceOrientationLandscapeRight";
				LD_RUNPATH_SEARCH_PATHS = (
					"$(inherited)",
					"@executable_path/Frameworks",
				);
				MARKETING_VERSION = 1.0;
				PRODUCT_BUNDLE_IDENTIFIER = com.stockMarket.app.StockMarket;
				PRODUCT_NAME = "$(TARGET_NAME)";
				SWIFT_EMIT_LOC_STRINGS = YES;
				SWIFT_VERSION = 5.0;
				TARGETED_DEVICE_FAMILY = "1,2";
			};
			name = Release;
		};
		0B4367C02C7F2E1F00C5CED5 /* Debug */ = {
			isa = XCBuildConfiguration;
			buildSettings = {
				ALWAYS_EMBED_SWIFT_STANDARD_LIBRARIES = YES;
				BUNDLE_LOADER = "$(TEST_HOST)";
				CODE_SIGN_STYLE = Automatic;
				CURRENT_PROJECT_VERSION = 1;
				GENERATE_INFOPLIST_FILE = YES;
				IPHONEOS_DEPLOYMENT_TARGET = 17.5;
				MARKETING_VERSION = 1.0;
				PRODUCT_BUNDLE_IDENTIFIER = com.stockMarket.app.StockMarketTests;
				PRODUCT_NAME = "$(TARGET_NAME)";
				SWIFT_EMIT_LOC_STRINGS = NO;
				SWIFT_VERSION = 5.0;
				TARGETED_DEVICE_FAMILY = "1,2";
				TEST_HOST = "$(BUILT_PRODUCTS_DIR)/StockMarket.app/$(BUNDLE_EXECUTABLE_FOLDER_PATH)/StockMarket";
			};
			name = Debug;
		};
		0B4367C12C7F2E1F00C5CED5 /* Release */ = {
			isa = XCBuildConfiguration;
			buildSettings = {
				ALWAYS_EMBED_SWIFT_STANDARD_LIBRARIES = YES;
				BUNDLE_LOADER = "$(TEST_HOST)";
				CODE_SIGN_STYLE = Automatic;
				CURRENT_PROJECT_VERSION = 1;
				GENERATE_INFOPLIST_FILE = YES;
				IPHONEOS_DEPLOYMENT_TARGET = 17.5;
				MARKETING_VERSION = 1.0;
				PRODUCT_BUNDLE_IDENTIFIER = com.stockMarket.app.StockMarketTests;
				PRODUCT_NAME = "$(TARGET_NAME)";
				SWIFT_EMIT_LOC_STRINGS = NO;
				SWIFT_VERSION = 5.0;
				TARGETED_DEVICE_FAMILY = "1,2";
				TEST_HOST = "$(BUILT_PRODUCTS_DIR)/StockMarket.app/$(BUNDLE_EXECUTABLE_FOLDER_PATH)/StockMarket";
			};
			name = Release;
		};
		0B4367C32C7F2E1F00C5CED5 /* Debug */ = {
			isa = XCBuildConfiguration;
			buildSettings = {
				ALWAYS_EMBED_SWIFT_STANDARD_LIBRARIES = YES;
				CODE_SIGN_STYLE = Automatic;
				CURRENT_PROJECT_VERSION = 1;
				GENERATE_INFOPLIST_FILE = YES;
				MARKETING_VERSION = 1.0;
				PRODUCT_BUNDLE_IDENTIFIER = com.stockMarket.app.StockMarketUITests;
				PRODUCT_NAME = "$(TARGET_NAME)";
				SWIFT_EMIT_LOC_STRINGS = NO;
				SWIFT_VERSION = 5.0;
				TARGETED_DEVICE_FAMILY = "1,2";
				TEST_TARGET_NAME = StockMarket;
			};
			name = Debug;
		};
		0B4367C42C7F2E1F00C5CED5 /* Release */ = {
			isa = XCBuildConfiguration;
			buildSettings = {
				ALWAYS_EMBED_SWIFT_STANDARD_LIBRARIES = YES;
				CODE_SIGN_STYLE = Automatic;
				CURRENT_PROJECT_VERSION = 1;
				GENERATE_INFOPLIST_FILE = YES;
				MARKETING_VERSION = 1.0;
				PRODUCT_BUNDLE_IDENTIFIER = com.stockMarket.app.StockMarketUITests;
				PRODUCT_NAME = "$(TARGET_NAME)";
				SWIFT_EMIT_LOC_STRINGS = NO;
				SWIFT_VERSION = 5.0;
				TARGETED_DEVICE_FAMILY = "1,2";
				TEST_TARGET_NAME = StockMarket;
			};
			name = Release;
		};
/* End XCBuildConfiguration section */

/* Begin XCConfigurationList section */
		0B4367932C7F2E1E00C5CED5 /* Build configuration list for PBXProject "StockMarket" */ = {
			isa = XCConfigurationList;
			buildConfigurations = (
				0B4367BA2C7F2E1F00C5CED5 /* Debug */,
				0B4367BB2C7F2E1F00C5CED5 /* Release */,
			);
			defaultConfigurationIsVisible = 0;
			defaultConfigurationName = Release;
		};
		0B4367BC2C7F2E1F00C5CED5 /* Build configuration list for PBXNativeTarget "StockMarket" */ = {
			isa = XCConfigurationList;
			buildConfigurations = (
				0B4367BD2C7F2E1F00C5CED5 /* Debug */,
				0B4367BE2C7F2E1F00C5CED5 /* Release */,
			);
			defaultConfigurationIsVisible = 0;
			defaultConfigurationName = Release;
		};
		0B4367BF2C7F2E1F00C5CED5 /* Build configuration list for PBXNativeTarget "StockMarketTests" */ = {
			isa = XCConfigurationList;
			buildConfigurations = (
				0B4367C02C7F2E1F00C5CED5 /* Debug */,
				0B4367C12C7F2E1F00C5CED5 /* Release */,
			);
			defaultConfigurationIsVisible = 0;
			defaultConfigurationName = Release;
		};
		0B4367C22C7F2E1F00C5CED5 /* Build configuration list for PBXNativeTarget "StockMarketUITests" */ = {
			isa = XCConfigurationList;
			buildConfigurations = (
				0B4367C32C7F2E1F00C5CED5 /* Debug */,
				0B4367C42C7F2E1F00C5CED5 /* Release */,
			);
			defaultConfigurationIsVisible = 0;
			defaultConfigurationName = Release;
		};
/* End XCConfigurationList section */
	};
	rootObject = 0B4367902C7F2E1E00C5CED5 /* Project object */;
}
